
Microsoft Visual Studio Solution File, Format Version 12.00
# Visual Studio Version 17
VisualStudioVersion = 17.0.32112.339
MinimumVisualStudioVersion = 10.0.40219.1
Project("{FAE04EC0-301F-11D3-BF4B-00C04F79EFBC}") = "Family_POC", "Family_POC\Family_POC.csproj", "{16A04E03-3707-4A51-AA7B-38B668B6F6F2}"
EndProject
Global
	GlobalSection(SolutionConfigurationPlatforms) = preSolution
		Debug|Any CPU = Debug|Any CPU
		Release|Any CPU = Release|Any CPU
	EndGlobalSection
	GlobalSection(ProjectConfigurationPlatforms) = postSolution
		{16A04E03-3707-4A51-AA7B-38B668B6F6F2}.Debug|Any CPU.ActiveCfg = Debug|Any CPU
		{16A04E03-3707-4A51-AA7B-38B668B6F6F2}.Debug|Any CPU.Build.0 = Debug|Any CPU
		{16A04E03-3707-4A51-AA7B-38B668B6F6F2}.Release|Any CPU.ActiveCfg = Release|Any CPU
		{16A04E03-3707-4A51-AA7B-38B668B6F6F2}.Release|Any CPU.Build.0 = Release|Any CPU
	EndGlobalSection
	GlobalSection(SolutionProperties) = preSolution
		HideSolutionNode = FALSE
	EndGlobalSection
	GlobalSection(ExtensibilityGlobals) = postSolution
		SolutionGuid = {0D94BEAD-3393-4FD1-B85E-2F84D6DB1E0F}
	EndGlobalSection
EndGlobal
